
Microsoft Visual Studio Solution File, Format Version 12.00
# Visual Studio Version 16
VisualStudioVersion = 16.0.29519.87
MinimumVisualStudioVersion = 10.0.40219.1
Project("{FAE04EC0-301F-11D3-BF4B-00C04F79EFBC}") = "WindowsFormsApp3", "WindowsFormsApp3\WindowsFormsApp3.csproj", "{2F40ECDA-3696-418B-9324-AD36E8F429BB}"
EndProject
Global
	GlobalSection(SolutionConfigurationPlatforms) = preSolution
		Debug|Any CPU = Debug|Any CPU
		Release|Any CPU = Release|Any CPU
	EndGlobalSection
	GlobalSection(ProjectConfigurationPlatforms) = postSolution
		{2F40ECDA-3696-418B-9324-AD36E8F429BB}.Debug|Any CPU.ActiveCfg = Debug|Any CPU
		{2F40ECDA-3696-418B-9324-AD36E8F429BB}.Debug|Any CPU.Build.0 = Debug|Any CPU
		{2F40ECDA-3696-418B-9324-AD36E8F429BB}.Release|Any CPU.ActiveCfg = Release|Any CPU
		{2F40ECDA-3696-418B-9324-AD36E8F429BB}.Release|Any CPU.Build.0 = Release|Any CPU
	EndGlobalSection
	GlobalSection(SolutionProperties) = preSolution
		HideSolutionNode = FALSE
	EndGlobalSection
	GlobalSection(ExtensibilityGlobals) = postSolution
		SolutionGuid = {61F798D5-9CA0-4BB2-B419-D0E1DDDD5DC5}
	EndGlobalSection
EndGlobal
